// !$*UTF8*$!
{
	archiveVersion = 1;
	classes = {
	};
	objectVersion = 56;
	objects = {

/* Begin PBXBuildFile section */
		467598142BDD63CE003D831F /* CryptfolioApp.swift in Sources */ = {isa = PBXBuildFile; fileRef = 467598132BDD63CE003D831F /* CryptfolioApp.swift */; };
		467598162BDD63CE003D831F /* ContentView.swift in Sources */ = {isa = PBXBuildFile; fileRef = 467598152BDD63CE003D831F /* ContentView.swift */; };
		467598182BDD63D0003D831F /* Assets.xcassets in Resources */ = {isa = PBXBuildFile; fileRef = 467598172BDD63D0003D831F /* Assets.xcassets */; };
		4675981C2BDD63D0003D831F /* Preview Assets.xcassets in Resources */ = {isa = PBXBuildFile; fileRef = 4675981B2BDD63D0003D831F /* Preview Assets.xcassets */; };
		467598262BDD63D0003D831F /* CryptfolioTests.swift in Sources */ = {isa = PBXBuildFile; fileRef = 467598252BDD63D0003D831F /* CryptfolioTests.swift */; };
		467598302BDD63D0003D831F /* CryptfolioUITests.swift in Sources */ = {isa = PBXBuildFile; fileRef = 4675982F2BDD63D0003D831F /* CryptfolioUITests.swift */; };
		467598322BDD63D0003D831F /* CryptfolioUITestsLaunchTests.swift in Sources */ = {isa = PBXBuildFile; fileRef = 467598312BDD63D0003D831F /* CryptfolioUITestsLaunchTests.swift */; };
		467598442BDD64A4003D831F /* ViewModel.swift in Sources */ = {isa = PBXBuildFile; fileRef = 467598432BDD64A4003D831F /* ViewModel.swift */; };
		467598462BDD64D2003D831F /* Coin.swift in Sources */ = {isa = PBXBuildFile; fileRef = 467598452BDD64D2003D831F /* Coin.swift */; };
		469598D72BDEB7E10027DCEE /* CoinAPIError.swift in Sources */ = {isa = PBXBuildFile; fileRef = 469598D62BDEB7E10027DCEE /* CoinAPIError.swift */; };
/* End PBXBuildFile section */

/* Begin PBXContainerItemProxy section */
		467598222BDD63D0003D831F /* PBXContainerItemProxy */ = {
			isa = PBXContainerItemProxy;
			containerPortal = 467598082BDD63CE003D831F /* Project object */;
			proxyType = 1;
			remoteGlobalIDString = 4675980F2BDD63CE003D831F;
			remoteInfo = Cryptfolio;
		};
		4675982C2BDD63D0003D831F /* PBXContainerItemProxy */ = {
			isa = PBXContainerItemProxy;
			containerPortal = 467598082BDD63CE003D831F /* Project object */;
			proxyType = 1;
			remoteGlobalIDString = 4675980F2BDD63CE003D831F;
			remoteInfo = Cryptfolio;
		};
/* End PBXContainerItemProxy section */

/* Begin PBXFileReference section */
		467598102BDD63CE003D831F /* Cryptfolio.app */ = {isa = PBXFileReference; explicitFileType = wrapper.application; includeInIndex = 0; path = Cryptfolio.app; sourceTree = BUILT_PRODUCTS_DIR; };
		467598132BDD63CE003D831F /* CryptfolioApp.swift */ = {isa = PBXFileReference; lastKnownFileType = sourcecode.swift; path = CryptfolioApp.swift; sourceTree = "<group>"; };
		467598152BDD63CE003D831F /* ContentView.swift */ = {isa = PBXFileReference; lastKnownFileType = sourcecode.swift; path = ContentView.swift; sourceTree = "<group>"; };
		467598172BDD63D0003D831F /* Assets.xcassets */ = {isa = PBXFileReference; lastKnownFileType = folder.assetcatalog; path = Assets.xcassets; sourceTree = "<group>"; };
		467598192BDD63D0003D831F /* Cryptfolio.entitlements */ = {isa = PBXFileReference; lastKnownFileType = text.plist.entitlements; path = Cryptfolio.entitlements; sourceTree = "<group>"; };
		4675981B2BDD63D0003D831F /* Preview Assets.xcassets */ = {isa = PBXFileReference; lastKnownFileType = folder.assetcatalog; path = "Preview Assets.xcassets"; sourceTree = "<group>"; };
		467598212BDD63D0003D831F /* CryptfolioTests.xctest */ = {isa = PBXFileReference; explicitFileType = wrapper.cfbundle; includeInIndex = 0; path = CryptfolioTests.xctest; sourceTree = BUILT_PRODUCTS_DIR; };
		467598252BDD63D0003D831F /* CryptfolioTests.swift */ = {isa = PBXFileReference; lastKnownFileType = sourcecode.swift; path = CryptfolioTests.swift; sourceTree = "<group>"; };
		4675982B2BDD63D0003D831F /* CryptfolioUITests.xctest */ = {isa = PBXFileReference; explicitFileType = wrapper.cfbundle; includeInIndex = 0; path = CryptfolioUITests.xctest; sourceTree = BUILT_PRODUCTS_DIR; };
		4675982F2BDD63D0003D831F /* CryptfolioUITests.swift */ = {isa = PBXFileReference; lastKnownFileType = sourcecode.swift; path = CryptfolioUITests.swift; sourceTree = "<group>"; };
		467598312BDD63D0003D831F /* CryptfolioUITestsLaunchTests.swift */ = {isa = PBXFileReference; lastKnownFileType = sourcecode.swift; path = CryptfolioUITestsLaunchTests.swift; sourceTree = "<group>"; };
		467598432BDD64A4003D831F /* ViewModel.swift */ = {isa = PBXFileReference; lastKnownFileType = sourcecode.swift; path = ViewModel.swift; sourceTree = "<group>"; };
		467598452BDD64D2003D831F /* Coin.swift */ = {isa = PBXFileReference; lastKnownFileType = sourcecode.swift; path = Coin.swift; sourceTree = "<group>"; };
		469598D62BDEB7E10027DCEE /* CoinAPIError.swift */ = {isa = PBXFileReference; lastKnownFileType = sourcecode.swift; path = CoinAPIError.swift; sourceTree = "<group>"; };
/* End PBXFileReference section */

/* Begin PBXFrameworksBuildPhase section */
		4675980D2BDD63CE003D831F /* Frameworks */ = {
			isa = PBXFrameworksBuildPhase;
			buildActionMask = 2147483647;
			files = (
			);
			runOnlyForDeploymentPostprocessing = 0;
		};
		4675981E2BDD63D0003D831F /* Frameworks */ = {
			isa = PBXFrameworksBuildPhase;
			buildActionMask = 2147483647;
			files = (
			);
			runOnlyForDeploymentPostprocessing = 0;
		};
		467598282BDD63D0003D831F /* Frameworks */ = {
			isa = PBXFrameworksBuildPhase;
			buildActionMask = 2147483647;
			files = (
			);
			runOnlyForDeploymentPostprocessing = 0;
		};
/* End PBXFrameworksBuildPhase section */

/* Begin PBXGroup section */
		467598072BDD63CE003D831F = {
			isa = PBXGroup;
			children = (
				467598122BDD63CE003D831F /* Cryptfolio */,
				467598242BDD63D0003D831F /* CryptfolioTests */,
				4675982E2BDD63D0003D831F /* CryptfolioUITests */,
				467598112BDD63CE003D831F /* Products */,
			);
			sourceTree = "<group>";
		};
		467598112BDD63CE003D831F /* Products */ = {
			isa = PBXGroup;
			children = (
				467598102BDD63CE003D831F /* Cryptfolio.app */,
				467598212BDD63D0003D831F /* CryptfolioTests.xctest */,
				4675982B2BDD63D0003D831F /* CryptfolioUITests.xctest */,
			);
			name = Products;
			sourceTree = "<group>";
		};
		467598122BDD63CE003D831F /* Cryptfolio */ = {
			isa = PBXGroup;
			children = (
				4675983E2BDD6415003D831F /* App */,
				4675983F2BDD641C003D831F /* Model */,
				467598412BDD643D003D831F /* View */,
				467598402BDD6436003D831F /* ViewModel */,
				467598172BDD63D0003D831F /* Assets.xcassets */,
				467598192BDD63D0003D831F /* Cryptfolio.entitlements */,
				4675981A2BDD63D0003D831F /* Preview Content */,
			);
			path = Cryptfolio;
			sourceTree = "<group>";
		};
		4675981A2BDD63D0003D831F /* Preview Content */ = {
			isa = PBXGroup;
			children = (
				4675981B2BDD63D0003D831F /* Preview Assets.xcassets */,
			);
			path = "Preview Content";
			sourceTree = "<group>";
		};
		467598242BDD63D0003D831F /* CryptfolioTests */ = {
			isa = PBXGroup;
			children = (
				467598252BDD63D0003D831F /* CryptfolioTests.swift */,
			);
			path = CryptfolioTests;
			sourceTree = "<group>";
		};
		4675982E2BDD63D0003D831F /* CryptfolioUITests */ = {
			isa = PBXGroup;
			children = (
				4675982F2BDD63D0003D831F /* CryptfolioUITests.swift */,
				467598312BDD63D0003D831F /* CryptfolioUITestsLaunchTests.swift */,
			);
			path = CryptfolioUITests;
			sourceTree = "<group>";
		};
		4675983E2BDD6415003D831F /* App */ = {
			isa = PBXGroup;
			children = (
				467598132BDD63CE003D831F /* CryptfolioApp.swift */,
			);
			path = App;
			sourceTree = "<group>";
		};
		4675983F2BDD641C003D831F /* Model */ = {
			isa = PBXGroup;
			children = (
				469598D62BDEB7E10027DCEE /* CoinAPIError.swift */,
				467598452BDD64D2003D831F /* Coin.swift */,
			);
			path = Model;
			sourceTree = "<group>";
		};
		467598402BDD6436003D831F /* ViewModel */ = {
			isa = PBXGroup;
			children = (
				467598432BDD64A4003D831F /* ViewModel.swift */,
			);
			path = ViewModel;
			sourceTree = "<group>";
		};
		467598412BDD643D003D831F /* View */ = {
			isa = PBXGroup;
			children = (
				467598152BDD63CE003D831F /* ContentView.swift */,
			);
			path = View;
			sourceTree = "<group>";
		};
/* End PBXGroup section */

/* Begin PBXNativeTarget section */
		4675980F2BDD63CE003D831F /* Cryptfolio */ = {
			isa = PBXNativeTarget;
			buildConfigurationList = 467598352BDD63D0003D831F /* Build configuration list for PBXNativeTarget "Cryptfolio" */;
			buildPhases = (
				4675980C2BDD63CE003D831F /* Sources */,
				4675980D2BDD63CE003D831F /* Frameworks */,
				4675980E2BDD63CE003D831F /* Resources */,
			);
			buildRules = (
			);
			dependencies = (
			);
			name = Cryptfolio;
			productName = Cryptfolio;
			productReference = 467598102BDD63CE003D831F /* Cryptfolio.app */;
			productType = "com.apple.product-type.application";
		};
		467598202BDD63D0003D831F /* CryptfolioTests */ = {
			isa = PBXNativeTarget;
			buildConfigurationList = 467598382BDD63D0003D831F /* Build configuration list for PBXNativeTarget "CryptfolioTests" */;
			buildPhases = (
				4675981D2BDD63D0003D831F /* Sources */,
				4675981E2BDD63D0003D831F /* Frameworks */,
				4675981F2BDD63D0003D831F /* Resources */,
			);
			buildRules = (
			);
			dependencies = (
				467598232BDD63D0003D831F /* PBXTargetDependency */,
			);
			name = CryptfolioTests;
			productName = CryptfolioTests;
			productReference = 467598212BDD63D0003D831F /* CryptfolioTests.xctest */;
			productType = "com.apple.product-type.bundle.unit-test";
		};
		4675982A2BDD63D0003D831F /* CryptfolioUITests */ = {
			isa = PBXNativeTarget;
			buildConfigurationList = 4675983B2BDD63D0003D831F /* Build configuration list for PBXNativeTarget "CryptfolioUITests" */;
			buildPhases = (
				467598272BDD63D0003D831F /* Sources */,
				467598282BDD63D0003D831F /* Frameworks */,
				467598292BDD63D0003D831F /* Resources */,
			);
			buildRules = (
			);
			dependencies = (
				4675982D2BDD63D0003D831F /* PBXTargetDependency */,
			);
			name = CryptfolioUITests;
			productName = CryptfolioUITests;
			productReference = 4675982B2BDD63D0003D831F /* CryptfolioUITests.xctest */;
			productType = "com.apple.product-type.bundle.ui-testing";
		};
/* End PBXNativeTarget section */

/* Begin PBXProject section */
		467598082BDD63CE003D831F /* Project object */ = {
			isa = PBXProject;
			attributes = {
				BuildIndependentTargetsInParallel = 1;
				LastSwiftUpdateCheck = 1530;
				LastUpgradeCheck = 1530;
				TargetAttributes = {
					4675980F2BDD63CE003D831F = {
						CreatedOnToolsVersion = 15.3;
					};
					467598202BDD63D0003D831F = {
						CreatedOnToolsVersion = 15.3;
						TestTargetID = 4675980F2BDD63CE003D831F;
					};
					4675982A2BDD63D0003D831F = {
						CreatedOnToolsVersion = 15.3;
						TestTargetID = 4675980F2BDD63CE003D831F;
					};
				};
			};
			buildConfigurationList = 4675980B2BDD63CE003D831F /* Build configuration list for PBXProject "Cryptfolio" */;
			compatibilityVersion = "Xcode 14.0";
			developmentRegion = en;
			hasScannedForEncodings = 0;
			knownRegions = (
				en,
				Base,
			);
			mainGroup = 467598072BDD63CE003D831F;
			productRefGroup = 467598112BDD63CE003D831F /* Products */;
			projectDirPath = "";
			projectRoot = "";
			targets = (
				4675980F2BDD63CE003D831F /* Cryptfolio */,
				467598202BDD63D0003D831F /* CryptfolioTests */,
				4675982A2BDD63D0003D831F /* CryptfolioUITests */,
			);
		};
/* End PBXProject section */

/* Begin PBXResourcesBuildPhase section */
		4675980E2BDD63CE003D831F /* Resources */ = {
			isa = PBXResourcesBuildPhase;
			buildActionMask = 2147483647;
			files = (
				4675981C2BDD63D0003D831F /* Preview Assets.xcassets in Resources */,
				467598182BDD63D0003D831F /* Assets.xcassets in Resources */,
			);
			runOnlyForDeploymentPostprocessing = 0;
		};
		4675981F2BDD63D0003D831F /* Resources */ = {
			isa = PBXResourcesBuildPhase;
			buildActionMask = 2147483647;
			files = (
			);
			runOnlyForDeploymentPostprocessing = 0;
		};
		467598292BDD63D0003D831F /* Resources */ = {
			isa = PBXResourcesBuildPhase;
			buildActionMask = 2147483647;
			files = (
			);
			runOnlyForDeploymentPostprocessing = 0;
		};
/* End PBXResourcesBuildPhase section */

/* Begin PBXSourcesBuildPhase section */
		4675980C2BDD63CE003D831F /* Sources */ = {
			isa = PBXSourcesBuildPhase;
			buildActionMask = 2147483647;
			files = (
				467598162BDD63CE003D831F /* ContentView.swift in Sources */,
				469598D72BDEB7E10027DCEE /* CoinAPIError.swift in Sources */,
				467598442BDD64A4003D831F /* ViewModel.swift in Sources */,
				467598462BDD64D2003D831F /* Coin.swift in Sources */,
				467598142BDD63CE003D831F /* CryptfolioApp.swift in Sources */,
			);
			runOnlyForDeploymentPostprocessing = 0;
		};
		4675981D2BDD63D0003D831F /* Sources */ = {
			isa = PBXSourcesBuildPhase;
			buildActionMask = 2147483647;
			files = (
				467598262BDD63D0003D831F /* CryptfolioTests.swift in Sources */,
			);
			runOnlyForDeploymentPostprocessing = 0;
		};
		467598272BDD63D0003D831F /* Sources */ = {
			isa = PBXSourcesBuildPhase;
			buildActionMask = 2147483647;
			files = (
				467598302BDD63D0003D831F /* CryptfolioUITests.swift in Sources */,
				467598322BDD63D0003D831F /* CryptfolioUITestsLaunchTests.swift in Sources */,
			);
			runOnlyForDeploymentPostprocessing = 0;
		};
/* End PBXSourcesBuildPhase section */

/* Begin PBXTargetDependency section */
		467598232BDD63D0003D831F /* PBXTargetDependency */ = {
			isa = PBXTargetDependency;
			target = 4675980F2BDD63CE003D831F /* Cryptfolio */;
			targetProxy = 467598222BDD63D0003D831F /* PBXContainerItemProxy */;
		};
		4675982D2BDD63D0003D831F /* PBXTargetDependency */ = {
			isa = PBXTargetDependency;
			target = 4675980F2BDD63CE003D831F /* Cryptfolio */;
			targetProxy = 4675982C2BDD63D0003D831F /* PBXContainerItemProxy */;
		};
/* End PBXTargetDependency section */

/* Begin XCBuildConfiguration section */
		467598332BDD63D0003D831F /* Debug */ = {
			isa = XCBuildConfiguration;
			buildSettings = {
				ALWAYS_SEARCH_USER_PATHS = NO;
				ASSETCATALOG_COMPILER_GENERATE_SWIFT_ASSET_SYMBOL_EXTENSIONS = YES;
				CLANG_ANALYZER_NONNULL = YES;
				CLANG_ANALYZER_NUMBER_OBJECT_CONVERSION = YES_AGGRESSIVE;
				CLANG_CXX_LANGUAGE_STANDARD = "gnu++20";
				CLANG_ENABLE_MODULES = YES;
				CLANG_ENABLE_OBJC_ARC = YES;
				CLANG_ENABLE_OBJC_WEAK = YES;
				CLANG_WARN_BLOCK_CAPTURE_AUTORELEASING = YES;
				CLANG_WARN_BOOL_CONVERSION = YES;
				CLANG_WARN_COMMA = YES;
				CLANG_WARN_CONSTANT_CONVERSION = YES;
				CLANG_WARN_DEPRECATED_OBJC_IMPLEMENTATIONS = YES;
				CLANG_WARN_DIRECT_OBJC_ISA_USAGE = YES_ERROR;
				CLANG_WARN_DOCUMENTATION_COMMENTS = YES;
				CLANG_WARN_EMPTY_BODY = YES;
				CLANG_WARN_ENUM_CONVERSION = YES;
				CLANG_WARN_INFINITE_RECURSION = YES;
				CLANG_WARN_INT_CONVERSION = YES;
				CLANG_WARN_NON_LITERAL_NULL_CONVERSION = YES;
				CLANG_WARN_OBJC_IMPLICIT_RETAIN_SELF = YES;
				CLANG_WARN_OBJC_LITERAL_CONVERSION = YES;
				CLANG_WARN_OBJC_ROOT_CLASS = YES_ERROR;
				CLANG_WARN_QUOTED_INCLUDE_IN_FRAMEWORK_HEADER = YES;
				CLANG_WARN_RANGE_LOOP_ANALYSIS = YES;
				CLANG_WARN_STRICT_PROTOTYPES = YES;
				CLANG_WARN_SUSPICIOUS_MOVE = YES;
				CLANG_WARN_UNGUARDED_AVAILABILITY = YES_AGGRESSIVE;
				CLANG_WARN_UNREACHABLE_CODE = YES;
				CLANG_WARN__DUPLICATE_METHOD_MATCH = YES;
				COPY_PHASE_STRIP = NO;
				DEBUG_INFORMATION_FORMAT = dwarf;
				ENABLE_STRICT_OBJC_MSGSEND = YES;
				ENABLE_TESTABILITY = YES;
				ENABLE_USER_SCRIPT_SANDBOXING = YES;
				GCC_C_LANGUAGE_STANDARD = gnu17;
				GCC_DYNAMIC_NO_PIC = NO;
				GCC_NO_COMMON_BLOCKS = YES;
				GCC_OPTIMIZATION_LEVEL = 0;
				GCC_PREPROCESSOR_DEFINITIONS = (
					"DEBUG=1",
					"$(inherited)",
				);
				GCC_WARN_64_TO_32_BIT_CONVERSION = YES;
				GCC_WARN_ABOUT_RETURN_TYPE = YES_ERROR;
				GCC_WARN_UNDECLARED_SELECTOR = YES;
				GCC_WARN_UNINITIALIZED_AUTOS = YES_AGGRESSIVE;
				GCC_WARN_UNUSED_FUNCTION = YES;
				GCC_WARN_UNUSED_VARIABLE = YES;
				LOCALIZATION_PREFERS_STRING_CATALOGS = YES;
				MTL_ENABLE_DEBUG_INFO = INCLUDE_SOURCE;
				MTL_FAST_MATH = YES;
				ONLY_ACTIVE_ARCH = YES;
				SWIFT_ACTIVE_COMPILATION_CONDITIONS = "DEBUG $(inherited)";
				SWIFT_OPTIMIZATION_LEVEL = "-Onone";
			};
			name = Debug;
		};
		467598342BDD63D0003D831F /* Release */ = {
			isa = XCBuildConfiguration;
			buildSettings = {
				ALWAYS_SEARCH_USER_PATHS = NO;
				ASSETCATALOG_COMPILER_GENERATE_SWIFT_ASSET_SYMBOL_EXTENSIONS = YES;
				CLANG_ANALYZER_NONNULL = YES;
				CLANG_ANALYZER_NUMBER_OBJECT_CONVERSION = YES_AGGRESSIVE;
				CLANG_CXX_LANGUAGE_STANDARD = "gnu++20";
				CLANG_ENABLE_MODULES = YES;
				CLANG_ENABLE_OBJC_ARC = YES;
				CLANG_ENABLE_OBJC_WEAK = YES;
				CLANG_WARN_BLOCK_CAPTURE_AUTORELEASING = YES;
				CLANG_WARN_BOOL_CONVERSION = YES;
				CLANG_WARN_COMMA = YES;
				CLANG_WARN_CONSTANT_CONVERSION = YES;
				CLANG_WARN_DEPRECATED_OBJC_IMPLEMENTATIONS = YES;
				CLANG_WARN_DIRECT_OBJC_ISA_USAGE = YES_ERROR;
				CLANG_WARN_DOCUMENTATION_COMMENTS = YES;
				CLANG_WARN_EMPTY_BODY = YES;
				CLANG_WARN_ENUM_CONVERSION = YES;
				CLANG_WARN_INFINITE_RECURSION = YES;
				CLANG_WARN_INT_CONVERSION = YES;
				CLANG_WARN_NON_LITERAL_NULL_CONVERSION = YES;
				CLANG_WARN_OBJC_IMPLICIT_RETAIN_SELF = YES;
				CLANG_WARN_OBJC_LITERAL_CONVERSION = YES;
				CLANG_WARN_OBJC_ROOT_CLASS = YES_ERROR;
				CLANG_WARN_QUOTED_INCLUDE_IN_FRAMEWORK_HEADER = YES;
				CLANG_WARN_RANGE_LOOP_ANALYSIS = YES;
				CLANG_WARN_STRICT_PROTOTYPES = YES;
				CLANG_WARN_SUSPICIOUS_MOVE = YES;
				CLANG_WARN_UNGUARDED_AVAILABILITY = YES_AGGRESSIVE;
				CLANG_WARN_UNREACHABLE_CODE = YES;
				CLANG_WARN__DUPLICATE_METHOD_MATCH = YES;
				COPY_PHASE_STRIP = NO;
				DEBUG_INFORMATION_FORMAT = "dwarf-with-dsym";
				ENABLE_NS_ASSERTIONS = NO;
				ENABLE_STRICT_OBJC_MSGSEND = YES;
				ENABLE_USER_SCRIPT_SANDBOXING = YES;
				GCC_C_LANGUAGE_STANDARD = gnu17;
				GCC_NO_COMMON_BLOCKS = YES;
				GCC_WARN_64_TO_32_BIT_CONVERSION = YES;
				GCC_WARN_ABOUT_RETURN_TYPE = YES_ERROR;
				GCC_WARN_UNDECLARED_SELECTOR = YES;
				GCC_WARN_UNINITIALIZED_AUTOS = YES_AGGRESSIVE;
				GCC_WARN_UNUSED_FUNCTION = YES;
				GCC_WARN_UNUSED_VARIABLE = YES;
				LOCALIZATION_PREFERS_STRING_CATALOGS = YES;
				MTL_ENABLE_DEBUG_INFO = NO;
				MTL_FAST_MATH = YES;
				SWIFT_COMPILATION_MODE = wholemodule;
			};
			name = Release;
		};
		467598362BDD63D0003D831F /* Debug */ = {
			isa = XCBuildConfiguration;
			buildSettings = {
				ASSETCATALOG_COMPILER_APPICON_NAME = AppIcon;
				ASSETCATALOG_COMPILER_GLOBAL_ACCENT_COLOR_NAME = AccentColor;
				CODE_SIGN_ENTITLEMENTS = Cryptfolio/Cryptfolio.entitlements;
				CODE_SIGN_STYLE = Automatic;
				CURRENT_PROJECT_VERSION = 1;
				DEVELOPMENT_ASSET_PATHS = "\"Cryptfolio/Preview Content\"";
				DEVELOPMENT_TEAM = DXR5DNXSQL;
				ENABLE_HARDENED_RUNTIME = YES;
				ENABLE_PREVIEWS = YES;
				GENERATE_INFOPLIST_FILE = YES;
				"INFOPLIST_KEY_UIApplicationSceneManifest_Generation[sdk=iphoneos*]" = YES;
				"INFOPLIST_KEY_UIApplicationSceneManifest_Generation[sdk=iphonesimulator*]" = YES;
				"INFOPLIST_KEY_UIApplicationSupportsIndirectInputEvents[sdk=iphoneos*]" = YES;
				"INFOPLIST_KEY_UIApplicationSupportsIndirectInputEvents[sdk=iphonesimulator*]" = YES;
				"INFOPLIST_KEY_UILaunchScreen_Generation[sdk=iphoneos*]" = YES;
				"INFOPLIST_KEY_UILaunchScreen_Generation[sdk=iphonesimulator*]" = YES;
				"INFOPLIST_KEY_UIStatusBarStyle[sdk=iphoneos*]" = UIStatusBarStyleDefault;
				"INFOPLIST_KEY_UIStatusBarStyle[sdk=iphonesimulator*]" = UIStatusBarStyleDefault;
				INFOPLIST_KEY_UISupportedInterfaceOrientations_iPad = "UIInterfaceOrientationPortrait UIInterfaceOrientationPortraitUpsideDown UIInterfaceOrientationLandscapeLeft UIInterfaceOrientationLandscapeRight";
				INFOPLIST_KEY_UISupportedInterfaceOrientations_iPhone = "UIInterfaceOrientationPortrait UIInterfaceOrientationLandscapeLeft UIInterfaceOrientationLandscapeRight";
				IPHONEOS_DEPLOYMENT_TARGET = 17.4;
				LD_RUNPATH_SEARCH_PATHS = "@executable_path/Frameworks";
				"LD_RUNPATH_SEARCH_PATHS[sdk=macosx*]" = "@executable_path/../Frameworks";
				MACOSX_DEPLOYMENT_TARGET = 14.4;
				MARKETING_VERSION = 1.0;
				PRODUCT_BUNDLE_IDENTIFIER = co.ybkocaman;
				PRODUCT_NAME = "$(TARGET_NAME)";
				SDKROOT = auto;
				SUPPORTED_PLATFORMS = "iphoneos iphonesimulator macosx";
				SWIFT_EMIT_LOC_STRINGS = YES;
				SWIFT_VERSION = 5.0;
				TARGETED_DEVICE_FAMILY = "1,2";
			};
			name = Debug;
		};
		467598372BDD63D0003D831F /* Release */ = {
			isa = XCBuildConfiguration;
			buildSettings = {
				ASSETCATALOG_COMPILER_APPICON_NAME = AppIcon;
				ASSETCATALOG_COMPILER_GLOBAL_ACCENT_COLOR_NAME = AccentColor;
				CODE_SIGN_ENTITLEMENTS = Cryptfolio/Cryptfolio.entitlements;
				CODE_SIGN_STYLE = Automatic;
				CURRENT_PROJECT_VERSION = 1;
				DEVELOPMENT_ASSET_PATHS = "\"Cryptfolio/Preview Content\"";
				DEVELOPMENT_TEAM = DXR5DNXSQL;
				ENABLE_HARDENED_RUNTIME = YES;
				ENABLE_PREVIEWS = YES;
				GENERATE_INFOPLIST_FILE = YES;
				"INFOPLIST_KEY_UIApplicationSceneManifest_Generation[sdk=iphoneos*]" = YES;
				"INFOPLIST_KEY_UIApplicationSceneManifest_Generation[sdk=iphonesimulator*]" = YES;
				"INFOPLIST_KEY_UIApplicationSupportsIndirectInputEvents[sdk=iphoneos*]" = YES;
				"INFOPLIST_KEY_UIApplicationSupportsIndirectInputEvents[sdk=iphonesimulator*]" = YES;
				"INFOPLIST_KEY_UILaunchScreen_Generation[sdk=iphoneos*]" = YES;
				"INFOPLIST_KEY_UILaunchScreen_Generation[sdk=iphonesimulator*]" = YES;
				"INFOPLIST_KEY_UIStatusBarStyle[sdk=iphoneos*]" = UIStatusBarStyleDefault;
				"INFOPLIST_KEY_UIStatusBarStyle[sdk=iphonesimulator*]" = UIStatusBarStyleDefault;
				INFOPLIST_KEY_UISupportedInterfaceOrientations_iPad = "UIInterfaceOrientationPortrait UIInterfaceOrientationPortraitUpsideDown UIInterfaceOrientationLandscapeLeft UIInterfaceOrientationLandscapeRight";
				INFOPLIST_KEY_UISupportedInterfaceOrientations_iPhone = "UIInterfaceOrientationPortrait UIInterfaceOrientationLandscapeLeft UIInterfaceOrientationLandscapeRight";
				IPHONEOS_DEPLOYMENT_TARGET = 17.4;
				LD_RUNPATH_SEARCH_PATHS = "@executable_path/Frameworks";
				"LD_RUNPATH_SEARCH_PATHS[sdk=macosx*]" = "@executable_path/../Frameworks";
				MACOSX_DEPLOYMENT_TARGET = 14.4;
				MARKETING_VERSION = 1.0;
				PRODUCT_BUNDLE_IDENTIFIER = co.ybkocaman;
				PRODUCT_NAME = "$(TARGET_NAME)";
				SDKROOT = auto;
				SUPPORTED_PLATFORMS = "iphoneos iphonesimulator macosx";
				SWIFT_EMIT_LOC_STRINGS = YES;
				SWIFT_VERSION = 5.0;
				TARGETED_DEVICE_FAMILY = "1,2";
			};
			name = Release;
		};
		467598392BDD63D0003D831F /* Debug */ = {
			isa = XCBuildConfiguration;
			buildSettings = {
				ALWAYS_EMBED_SWIFT_STANDARD_LIBRARIES = YES;
				BUNDLE_LOADER = "$(TEST_HOST)";
				CODE_SIGN_STYLE = Automatic;
				CURRENT_PROJECT_VERSION = 1;
				DEVELOPMENT_TEAM = DXR5DNXSQL;
				GENERATE_INFOPLIST_FILE = YES;
				IPHONEOS_DEPLOYMENT_TARGET = 17.4;
				MACOSX_DEPLOYMENT_TARGET = 14.4;
				MARKETING_VERSION = 1.0;
				PRODUCT_BUNDLE_IDENTIFIER = co.ybkocaman.CryptfolioTests;
				PRODUCT_NAME = "$(TARGET_NAME)";
				SDKROOT = auto;
				SUPPORTED_PLATFORMS = "iphoneos iphonesimulator macosx";
				SWIFT_EMIT_LOC_STRINGS = NO;
				SWIFT_VERSION = 5.0;
				TARGETED_DEVICE_FAMILY = "1,2";
				TEST_HOST = "$(BUILT_PRODUCTS_DIR)/Cryptfolio.app/$(BUNDLE_EXECUTABLE_FOLDER_PATH)/Cryptfolio";
			};
			name = Debug;
		};
		4675983A2BDD63D0003D831F /* Release */ = {
			isa = XCBuildConfiguration;
			buildSettings = {
				ALWAYS_EMBED_SWIFT_STANDARD_LIBRARIES = YES;
				BUNDLE_LOADER = "$(TEST_HOST)";
				CODE_SIGN_STYLE = Automatic;
				CURRENT_PROJECT_VERSION = 1;
				DEVELOPMENT_TEAM = DXR5DNXSQL;
				GENERATE_INFOPLIST_FILE = YES;
				IPHONEOS_DEPLOYMENT_TARGET = 17.4;
				MACOSX_DEPLOYMENT_TARGET = 14.4;
				MARKETING_VERSION = 1.0;
				PRODUCT_BUNDLE_IDENTIFIER = co.ybkocaman.CryptfolioTests;
				PRODUCT_NAME = "$(TARGET_NAME)";
				SDKROOT = auto;
				SUPPORTED_PLATFORMS = "iphoneos iphonesimulator macosx";
				SWIFT_EMIT_LOC_STRINGS = NO;
				SWIFT_VERSION = 5.0;
				TARGETED_DEVICE_FAMILY = "1,2";
				TEST_HOST = "$(BUILT_PRODUCTS_DIR)/Cryptfolio.app/$(BUNDLE_EXECUTABLE_FOLDER_PATH)/Cryptfolio";
			};
			name = Release;
		};
		4675983C2BDD63D0003D831F /* Debug */ = {
			isa = XCBuildConfiguration;
			buildSettings = {
				ALWAYS_EMBED_SWIFT_STANDARD_LIBRARIES = YES;
				CODE_SIGN_STYLE = Automatic;
				CURRENT_PROJECT_VERSION = 1;
				DEVELOPMENT_TEAM = DXR5DNXSQL;
				GENERATE_INFOPLIST_FILE = YES;
				IPHONEOS_DEPLOYMENT_TARGET = 17.4;
				MACOSX_DEPLOYMENT_TARGET = 14.4;
				MARKETING_VERSION = 1.0;
				PRODUCT_BUNDLE_IDENTIFIER = co.ybkocaman.CryptfolioUITests;
				PRODUCT_NAME = "$(TARGET_NAME)";
				SDKROOT = auto;
				SUPPORTED_PLATFORMS = "iphoneos iphonesimulator macosx";
				SWIFT_EMIT_LOC_STRINGS = NO;
				SWIFT_VERSION = 5.0;
				TARGETED_DEVICE_FAMILY = "1,2";
				TEST_TARGET_NAME = Cryptfolio;
			};
			name = Debug;
		};
		4675983D2BDD63D0003D831F /* Release */ = {
			isa = XCBuildConfiguration;
			buildSettings = {
				ALWAYS_EMBED_SWIFT_STANDARD_LIBRARIES = YES;
				CODE_SIGN_STYLE = Automatic;
				CURRENT_PROJECT_VERSION = 1;
				DEVELOPMENT_TEAM = DXR5DNXSQL;
				GENERATE_INFOPLIST_FILE = YES;
				IPHONEOS_DEPLOYMENT_TARGET = 17.4;
				MACOSX_DEPLOYMENT_TARGET = 14.4;
				MARKETING_VERSION = 1.0;
				PRODUCT_BUNDLE_IDENTIFIER = co.ybkocaman.CryptfolioUITests;
				PRODUCT_NAME = "$(TARGET_NAME)";
				SDKROOT = auto;
				SUPPORTED_PLATFORMS = "iphoneos iphonesimulator macosx";
				SWIFT_EMIT_LOC_STRINGS = NO;
				SWIFT_VERSION = 5.0;
				TARGETED_DEVICE_FAMILY = "1,2";
				TEST_TARGET_NAME = Cryptfolio;
			};
			name = Release;
		};
/* End XCBuildConfiguration section */

/* Begin XCConfigurationList section */
		4675980B2BDD63CE003D831F /* Build configuration list for PBXProject "Cryptfolio" */ = {
			isa = XCConfigurationList;
			buildConfigurations = (
				467598332BDD63D0003D831F /* Debug */,
				467598342BDD63D0003D831F /* Release */,
			);
			defaultConfigurationIsVisible = 0;
			defaultConfigurationName = Release;
		};
		467598352BDD63D0003D831F /* Build configuration list for PBXNativeTarget "Cryptfolio" */ = {
			isa = XCConfigurationList;
			buildConfigurations = (
				467598362BDD63D0003D831F /* Debug */,
				467598372BDD63D0003D831F /* Release */,
			);
			defaultConfigurationIsVisible = 0;
			defaultConfigurationName = Release;
		};
		467598382BDD63D0003D831F /* Build configuration list for PBXNativeTarget "CryptfolioTests" */ = {
			isa = XCConfigurationList;
			buildConfigurations = (
				467598392BDD63D0003D831F /* Debug */,
				4675983A2BDD63D0003D831F /* Release */,
			);
			defaultConfigurationIsVisible = 0;
			defaultConfigurationName = Release;
		};
		4675983B2BDD63D0003D831F /* Build configuration list for PBXNativeTarget "CryptfolioUITests" */ = {
			isa = XCConfigurationList;
			buildConfigurations = (
				4675983C2BDD63D0003D831F /* Debug */,
				4675983D2BDD63D0003D831F /* Release */,
			);
			defaultConfigurationIsVisible = 0;
			defaultConfigurationName = Release;
		};
/* End XCConfigurationList section */
	};
	rootObject = 467598082BDD63CE003D831F /* Project object */;
}
